// !$*UTF8*$!
{
	archiveVersion = 1;
	classes = {
	};
	objectVersion = 46;
	objects = {

/* Begin PBXBuildFile section */
		852C44FA1F96514E009CC3CC /* AppDelegate.swift in Sources */ = {isa = PBXBuildFile; fileRef = 852C44F91F96514E009CC3CC /* AppDelegate.swift */; };
		852C44FF1F96514E009CC3CC /* Main.storyboard in Resources */ = {isa = PBXBuildFile; fileRef = 852C44FD1F96514E009CC3CC /* Main.storyboard */; };
		852C45011F96514E009CC3CC /* Assets.xcassets in Resources */ = {isa = PBXBuildFile; fileRef = 852C45001F96514E009CC3CC /* Assets.xcassets */; };
		852C45041F96514E009CC3CC /* LaunchScreen.storyboard in Resources */ = {isa = PBXBuildFile; fileRef = 852C45021F96514E009CC3CC /* LaunchScreen.storyboard */; };
		852C450C1F96520E009CC3CC /* FirstToDoTableViewController.swift in Sources */ = {isa = PBXBuildFile; fileRef = 852C450B1F96520E009CC3CC /* FirstToDoTableViewController.swift */; };
		852C450E1F96521C009CC3CC /* MasterViewController.swift in Sources */ = {isa = PBXBuildFile; fileRef = 852C450D1F96521C009CC3CC /* MasterViewController.swift */; };
		852C45101F965223009CC3CC /* FirstToDoTableViewCell.swift in Sources */ = {isa = PBXBuildFile; fileRef = 852C450F1F965223009CC3CC /* FirstToDoTableViewCell.swift */; };
		852C45121F9652BD009CC3CC /* FirstToDoDataModel.swift in Sources */ = {isa = PBXBuildFile; fileRef = 852C45111F9652BD009CC3CC /* FirstToDoDataModel.swift */; };
/* End PBXBuildFile section */

/* Begin PBXFileReference section */
		852C44F61F96514E009CC3CC /* EmbeddedViews.app */ = {isa = PBXFileReference; explicitFileType = wrapper.application; includeInIndex = 0; path = EmbeddedViews.app; sourceTree = BUILT_PRODUCTS_DIR; };
		852C44F91F96514E009CC3CC /* AppDelegate.swift */ = {isa = PBXFileReference; lastKnownFileType = sourcecode.swift; path = AppDelegate.swift; sourceTree = "<group>"; };
		852C44FE1F96514E009CC3CC /* Base */ = {isa = PBXFileReference; lastKnownFileType = file.storyboard; name = Base; path = Base.lproj/Main.storyboard; sourceTree = "<group>"; };
		852C45001F96514E009CC3CC /* Assets.xcassets */ = {isa = PBXFileReference; lastKnownFileType = folder.assetcatalog; path = Assets.xcassets; sourceTree = "<group>"; };
		852C45031F96514E009CC3CC /* Base */ = {isa = PBXFileReference; lastKnownFileType = file.storyboard; name = Base; path = Base.lproj/LaunchScreen.storyboard; sourceTree = "<group>"; };
		852C45051F96514E009CC3CC /* Info.plist */ = {isa = PBXFileReference; lastKnownFileType = text.plist.xml; path = Info.plist; sourceTree = "<group>"; };
		852C450B1F96520E009CC3CC /* FirstToDoTableViewController.swift */ = {isa = PBXFileReference; fileEncoding = 4; lastKnownFileType = sourcecode.swift; path = FirstToDoTableViewController.swift; sourceTree = "<group>"; };
		852C450D1F96521C009CC3CC /* MasterViewController.swift */ = {isa = PBXFileReference; fileEncoding = 4; lastKnownFileType = sourcecode.swift; path = MasterViewController.swift; sourceTree = "<group>"; };
		852C450F1F965223009CC3CC /* FirstToDoTableViewCell.swift */ = {isa = PBXFileReference; fileEncoding = 4; lastKnownFileType = sourcecode.swift; path = FirstToDoTableViewCell.swift; sourceTree = "<group>"; };
		852C45111F9652BD009CC3CC /* FirstToDoDataModel.swift */ = {isa = PBXFileReference; fileEncoding = 4; lastKnownFileType = sourcecode.swift; path = FirstToDoDataModel.swift; sourceTree = "<group>"; };
/* End PBXFileReference section */

/* Begin PBXFrameworksBuildPhase section */
		852C44F31F96514E009CC3CC /* Frameworks */ = {
			isa = PBXFrameworksBuildPhase;
			buildActionMask = 2147483647;
			files = (
			);
			runOnlyForDeploymentPostprocessing = 0;
		};
/* End PBXFrameworksBuildPhase section */

/* Begin PBXGroup section */
		852C44ED1F96514E009CC3CC = {
			isa = PBXGroup;
			children = (
				852C44F81F96514E009CC3CC /* EmbeddedViews */,
				852C44F71F96514E009CC3CC /* Products */,
			);
			sourceTree = "<group>";
		};
		852C44F71F96514E009CC3CC /* Products */ = {
			isa = PBXGroup;
			children = (
				852C44F61F96514E009CC3CC /* EmbeddedViews.app */,
			);
			name = Products;
			sourceTree = "<group>";
		};
		852C44F81F96514E009CC3CC /* EmbeddedViews */ = {
			isa = PBXGroup;
			children = (
				852C44F91F96514E009CC3CC /* AppDelegate.swift */,
				852C450B1F96520E009CC3CC /* FirstToDoTableViewController.swift */,
				852C450D1F96521C009CC3CC /* MasterViewController.swift */,
				852C450F1F965223009CC3CC /* FirstToDoTableViewCell.swift */,
				852C45111F9652BD009CC3CC /* FirstToDoDataModel.swift */,
				852C44FD1F96514E009CC3CC /* Main.storyboard */,
				852C45001F96514E009CC3CC /* Assets.xcassets */,
				852C45021F96514E009CC3CC /* LaunchScreen.storyboard */,
				852C45051F96514E009CC3CC /* Info.plist */,
			);
			path = EmbeddedViews;
			sourceTree = "<group>";
		};
/* End PBXGroup section */

/* Begin PBXNativeTarget section */
		852C44F51F96514E009CC3CC /* EmbeddedViews */ = {
			isa = PBXNativeTarget;
			buildConfigurationList = 852C45081F96514E009CC3CC /* Build configuration list for PBXNativeTarget "EmbeddedViews" */;
			buildPhases = (
				852C44F21F96514E009CC3CC /* Sources */,
				852C44F31F96514E009CC3CC /* Frameworks */,
				852C44F41F96514E009CC3CC /* Resources */,
			);
			buildRules = (
			);
			dependencies = (
			);
			name = EmbeddedViews;
			productName = EmbeddedViews;
			productReference = 852C44F61F96514E009CC3CC /* EmbeddedViews.app */;
			productType = "com.apple.product-type.application";
		};
/* End PBXNativeTarget section */

/* Begin PBXProject section */
		852C44EE1F96514E009CC3CC /* Project object */ = {
			isa = PBXProject;
			attributes = {
				LastSwiftUpdateCheck = 0830;
				LastUpgradeCheck = 0830;
				ORGANIZATIONNAME = "A290 Fall 2017 - jsisaacs";
				TargetAttributes = {
					852C44F51F96514E009CC3CC = {
						CreatedOnToolsVersion = 8.3.3;
						ProvisioningStyle = Automatic;
					};
				};
			};
			buildConfigurationList = 852C44F11F96514E009CC3CC /* Build configuration list for PBXProject "EmbeddedViews" */;
			compatibilityVersion = "Xcode 3.2";
			developmentRegion = English;
			hasScannedForEncodings = 0;
			knownRegions = (
				en,
				Base,
			);
			mainGroup = 852C44ED1F96514E009CC3CC;
			productRefGroup = 852C44F71F96514E009CC3CC /* Products */;
			projectDirPath = "";
			projectRoot = "";
			targets = (
				852C44F51F96514E009CC3CC /* EmbeddedViews */,
			);
		};
/* End PBXProject section */

/* Begin PBXResourcesBuildPhase section */
		852C44F41F96514E009CC3CC /* Resources */ = {
			isa = PBXResourcesBuildPhase;
			buildActionMask = 2147483647;
			files = (
				852C45041F96514E009CC3CC /* LaunchScreen.storyboard in Resources */,
				852C45011F96514E009CC3CC /* Assets.xcassets in Resources */,
				852C44FF1F96514E009CC3CC /* Main.storyboard in Resources */,
			);
			runOnlyForDeploymentPostprocessing = 0;
		};
/* End PBXResourcesBuildPhase section */

/* Begin PBXSourcesBuildPhase section */
		852C44F21F96514E009CC3CC /* Sources */ = {
			isa = PBXSourcesBuildPhase;
			buildActionMask = 2147483647;
			files = (
				852C45121F9652BD009CC3CC /* FirstToDoDataModel.swift in Sources */,
				852C450C1F96520E009CC3CC /* FirstToDoTableViewController.swift in Sources */,
				852C45101F965223009CC3CC /* FirstToDoTableViewCell.swift in Sources */,
				852C44FA1F96514E009CC3CC /* AppDelegate.swift in Sources */,
				852C450E1F96521C009CC3CC /* MasterViewController.swift in Sources */,
			);
			runOnlyForDeploymentPostprocessing = 0;
		};
/* End PBXSourcesBuildPhase section */

/* Begin PBXVariantGroup section */
		852C44FD1F96514E009CC3CC /* Main.storyboard */ = {
			isa = PBXVariantGroup;
			children = (
				852C44FE1F96514E009CC3CC /* Base */,
			);
			name = Main.storyboard;
			sourceTree = "<group>";
		};
		852C45021F96514E009CC3CC /* LaunchScreen.storyboard */ = {
			isa = PBXVariantGroup;
			children = (
				852C45031F96514E009CC3CC /* Base */,
			);
			name = LaunchScreen.storyboard;
			sourceTree = "<group>";
		};
/* End PBXVariantGroup section */

/* Begin XCBuildConfiguration section */
		852C45061F96514E009CC3CC /* Debug */ = {
			isa = XCBuildConfiguration;
			buildSettings = {
				ALWAYS_SEARCH_USER_PATHS = NO;
				CLANG_ANALYZER_NONNULL = YES;
				CLANG_ANALYZER_NUMBER_OBJECT_CONVERSION = YES_AGGRESSIVE;
				CLANG_CXX_LANGUAGE_STANDARD = "gnu++0x";
				CLANG_CXX_LIBRARY = "libc++";
				CLANG_ENABLE_MODULES = YES;
				CLANG_ENABLE_OBJC_ARC = YES;
				CLANG_WARN_BOOL_CONVERSION = YES;
				CLANG_WARN_CONSTANT_CONVERSION = YES;
				CLANG_WARN_DIRECT_OBJC_ISA_USAGE = YES_ERROR;
				CLANG_WARN_DOCUMENTATION_COMMENTS = YES;
				CLANG_WARN_EMPTY_BODY = YES;
				CLANG_WARN_ENUM_CONVERSION = YES;
				CLANG_WARN_INFINITE_RECURSION = YES;
				CLANG_WARN_INT_CONVERSION = YES;
				CLANG_WARN_OBJC_ROOT_CLASS = YES_ERROR;
				CLANG_WARN_SUSPICIOUS_MOVE = YES;
				CLANG_WARN_UNREACHABLE_CODE = YES;
				CLANG_WARN__DUPLICATE_METHOD_MATCH = YES;
				"CODE_SIGN_IDENTITY[sdk=iphoneos*]" = "iPhone Developer";
				COPY_PHASE_STRIP = NO;
				DEBUG_INFORMATION_FORMAT = dwarf;
				ENABLE_STRICT_OBJC_MSGSEND = YES;
				ENABLE_TESTABILITY = YES;
				GCC_C_LANGUAGE_STANDARD = gnu99;
				GCC_DYNAMIC_NO_PIC = NO;
				GCC_NO_COMMON_BLOCKS = YES;
				GCC_OPTIMIZATION_LEVEL = 0;
				GCC_PREPROCESSOR_DEFINITIONS = (
					"DEBUG=1",
					"$(inherited)",
				);
				GCC_WARN_64_TO_32_BIT_CONVERSION = YES;
				GCC_WARN_ABOUT_RETURN_TYPE = YES_ERROR;
				GCC_WARN_UNDECLARED_SELECTOR = YES;
				GCC_WARN_UNINITIALIZED_AUTOS = YES_AGGRESSIVE;
				GCC_WARN_UNUSED_FUNCTION = YES;
				GCC_WARN_UNUSED_VARIABLE = YES;
				IPHONEOS_DEPLOYMENT_TARGET = 10.3;
				MTL_ENABLE_DEBUG_INFO = YES;
				ONLY_ACTIVE_ARCH = YES;
				SDKROOT = iphoneos;
				SWIFT_ACTIVE_COMPILATION_CONDITIONS = DEBUG;
				SWIFT_OPTIMIZATION_LEVEL = "-Onone";
				TARGETED_DEVICE_FAMILY = "1,2";
			};
			name = Debug;
		};
		852C45071F96514E009CC3CC /* Release */ = {
			isa = XCBuildConfiguration;
			buildSettings = {
				ALWAYS_SEARCH_USER_PATHS = NO;
				CLANG_ANALYZER_NONNULL = YES;
				CLANG_ANALYZER_NUMBER_OBJECT_CONVERSION = YES_AGGRESSIVE;
				CLANG_CXX_LANGUAGE_STANDARD = "gnu++0x";
				CLANG_CXX_LIBRARY = "libc++";
				CLANG_ENABLE_MODULES = YES;
				CLANG_ENABLE_OBJC_ARC = YES;
				CLANG_WARN_BOOL_CONVERSION = YES;
				CLANG_WARN_CONSTANT_CONVERSION = YES;
				CLANG_WARN_DIRECT_OBJC_ISA_USAGE = YES_ERROR;
				CLANG_WARN_DOCUMENTATION_COMMENTS = YES;
				CLANG_WARN_EMPTY_BODY = YES;
				CLANG_WARN_ENUM_CONVERSION = YES;
				CLANG_WARN_INFINITE_RECURSION = YES;
				CLANG_WARN_INT_CONVERSION = YES;
				CLANG_WARN_OBJC_ROOT_CLASS = YES_ERROR;
				CLANG_WARN_SUSPICIOUS_MOVE = YES;
				CLANG_WARN_UNREACHABLE_CODE = YES;
				CLANG_WARN__DUPLICATE_METHOD_MATCH = YES;
				"CODE_SIGN_IDENTITY[sdk=iphoneos*]" = "iPhone Developer";
				COPY_PHASE_STRIP = NO;
				DEBUG_INFORMATION_FORMAT = "dwarf-with-dsym";
				ENABLE_NS_ASSERTIONS = NO;
				ENABLE_STRICT_OBJC_MSGSEND = YES;
				GCC_C_LANGUAGE_STANDARD = gnu99;
				GCC_NO_COMMON_BLOCKS = YES;
				GCC_WARN_64_TO_32_BIT_CONVERSION = YES;
				GCC_WARN_ABOUT_RETURN_TYPE = YES_ERROR;
				GCC_WARN_UNDECLARED_SELECTOR = YES;
				GCC_WARN_UNINITIALIZED_AUTOS = YES_AGGRESSIVE;
				GCC_WARN_UNUSED_FUNCTION = YES;
				GCC_WARN_UNUSED_VARIABLE = YES;
				IPHONEOS_DEPLOYMENT_TARGET = 10.3;
				MTL_ENABLE_DEBUG_INFO = NO;
				SDKROOT = iphoneos;
				SWIFT_OPTIMIZATION_LEVEL = "-Owholemodule";
				TARGETED_DEVICE_FAMILY = "1,2";
				VALIDATE_PRODUCT = YES;
			};
			name = Release;
		};
		852C45091F96514E009CC3CC /* Debug */ = {
			isa = XCBuildConfiguration;
			buildSettings = {
				ASSETCATALOG_COMPILER_APPICON_NAME = AppIcon;
				INFOPLIST_FILE = EmbeddedViews/Info.plist;
				LD_RUNPATH_SEARCH_PATHS = "$(inherited) @executable_path/Frameworks";
				PRODUCT_BUNDLE_IDENTIFIER = edu.indiana.cs.a290jsisaacs.EmbeddedViews;
				PRODUCT_NAME = "$(TARGET_NAME)";
				SWIFT_VERSION = 3.0;
			};
			name = Debug;
		};
		852C450A1F96514E009CC3CC /* Release */ = {
			isa = XCBuildConfiguration;
			buildSettings = {
				ASSETCATALOG_COMPILER_APPICON_NAME = AppIcon;
				INFOPLIST_FILE = EmbeddedViews/Info.plist;
				LD_RUNPATH_SEARCH_PATHS = "$(inherited) @executable_path/Frameworks";
				PRODUCT_BUNDLE_IDENTIFIER = edu.indiana.cs.a290jsisaacs.EmbeddedViews;
				PRODUCT_NAME = "$(TARGET_NAME)";
				SWIFT_VERSION = 3.0;
			};
			name = Release;
		};
/* End XCBuildConfiguration section */

/* Begin XCConfigurationList section */
		852C44F11F96514E009CC3CC /* Build configuration list for PBXProject "EmbeddedViews" */ = {
			isa = XCConfigurationList;
			buildConfigurations = (
				852C45061F96514E009CC3CC /* Debug */,
				852C45071F96514E009CC3CC /* Release */,
			);
			defaultConfigurationIsVisible = 0;
			defaultConfigurationName = Release;
		};
		852C45081F96514E009CC3CC /* Build configuration list for PBXNativeTarget "EmbeddedViews" */ = {
			isa = XCConfigurationList;
			buildConfigurations = (
				852C45091F96514E009CC3CC /* Debug */,
				852C450A1F96514E009CC3CC /* Release */,
			);
			defaultConfigurationIsVisible = 0;
		};
/* End XCConfigurationList section */
	};
	rootObject = 852C44EE1F96514E009CC3CC /* Project object */;
}
