// !$*UTF8*$!
{
	archiveVersion = 1;
	classes = {
	};
	objectVersion = 46;
	objects = {

/* Begin PBXBuildFile section */
		855D85BA1F54CDDB00763465 /* FlashCardModel.swift in Sources */ = {isa = PBXBuildFile; fileRef = 855D85B91F54CDDB00763465 /* FlashCardModel.swift */; };
		857671C21F54D2940089C1BB /* FlashCardsController.swift in Sources */ = {isa = PBXBuildFile; fileRef = 857671C11F54D2940089C1BB /* FlashCardsController.swift */; };
		859A48E01F4E3EEE00E95CCF /* AppDelegate.swift in Sources */ = {isa = PBXBuildFile; fileRef = 859A48DF1F4E3EEE00E95CCF /* AppDelegate.swift */; };
		859A48E51F4E3EEE00E95CCF /* Main.storyboard in Resources */ = {isa = PBXBuildFile; fileRef = 859A48E31F4E3EEE00E95CCF /* Main.storyboard */; };
		859A48E71F4E3EEE00E95CCF /* Assets.xcassets in Resources */ = {isa = PBXBuildFile; fileRef = 859A48E61F4E3EEE00E95CCF /* Assets.xcassets */; };
		859A48EA1F4E3EEE00E95CCF /* LaunchScreen.storyboard in Resources */ = {isa = PBXBuildFile; fileRef = 859A48E81F4E3EEE00E95CCF /* LaunchScreen.storyboard */; };
/* End PBXBuildFile section */

/* Begin PBXFileReference section */
		855D85B91F54CDDB00763465 /* FlashCardModel.swift */ = {isa = PBXFileReference; fileEncoding = 4; lastKnownFileType = sourcecode.swift; path = FlashCardModel.swift; sourceTree = "<group>"; };
		857671C11F54D2940089C1BB /* FlashCardsController.swift */ = {isa = PBXFileReference; fileEncoding = 4; lastKnownFileType = sourcecode.swift; path = FlashCardsController.swift; sourceTree = "<group>"; };
		859A48DC1F4E3EEE00E95CCF /* FlashCards.app */ = {isa = PBXFileReference; explicitFileType = wrapper.application; includeInIndex = 0; path = FlashCards.app; sourceTree = BUILT_PRODUCTS_DIR; };
		859A48DF1F4E3EEE00E95CCF /* AppDelegate.swift */ = {isa = PBXFileReference; lastKnownFileType = sourcecode.swift; path = AppDelegate.swift; sourceTree = "<group>"; };
		859A48E41F4E3EEE00E95CCF /* Base */ = {isa = PBXFileReference; lastKnownFileType = file.storyboard; name = Base; path = Base.lproj/Main.storyboard; sourceTree = "<group>"; };
		859A48E61F4E3EEE00E95CCF /* Assets.xcassets */ = {isa = PBXFileReference; lastKnownFileType = folder.assetcatalog; path = Assets.xcassets; sourceTree = "<group>"; };
		859A48E91F4E3EEE00E95CCF /* Base */ = {isa = PBXFileReference; lastKnownFileType = file.storyboard; name = Base; path = Base.lproj/LaunchScreen.storyboard; sourceTree = "<group>"; };
		859A48EB1F4E3EEE00E95CCF /* Info.plist */ = {isa = PBXFileReference; lastKnownFileType = text.plist.xml; path = Info.plist; sourceTree = "<group>"; };
/* End PBXFileReference section */

/* Begin PBXFrameworksBuildPhase section */
		859A48D91F4E3EEE00E95CCF /* Frameworks */ = {
			isa = PBXFrameworksBuildPhase;
			buildActionMask = 2147483647;
			files = (
			);
			runOnlyForDeploymentPostprocessing = 0;
		};
/* End PBXFrameworksBuildPhase section */

/* Begin PBXGroup section */
		859A48D31F4E3EEE00E95CCF = {
			isa = PBXGroup;
			children = (
				859A48DE1F4E3EEE00E95CCF /* FlashCards */,
				859A48DD1F4E3EEE00E95CCF /* Products */,
			);
			sourceTree = "<group>";
		};
		859A48DD1F4E3EEE00E95CCF /* Products */ = {
			isa = PBXGroup;
			children = (
				859A48DC1F4E3EEE00E95CCF /* FlashCards.app */,
			);
			name = Products;
			sourceTree = "<group>";
		};
		859A48DE1F4E3EEE00E95CCF /* FlashCards */ = {
			isa = PBXGroup;
			children = (
				859A48DF1F4E3EEE00E95CCF /* AppDelegate.swift */,
				857671C11F54D2940089C1BB /* FlashCardsController.swift */,
				855D85B91F54CDDB00763465 /* FlashCardModel.swift */,
				859A48E31F4E3EEE00E95CCF /* Main.storyboard */,
				859A48E61F4E3EEE00E95CCF /* Assets.xcassets */,
				859A48E81F4E3EEE00E95CCF /* LaunchScreen.storyboard */,
				859A48EB1F4E3EEE00E95CCF /* Info.plist */,
			);
			path = FlashCards;
			sourceTree = "<group>";
		};
/* End PBXGroup section */

/* Begin PBXNativeTarget section */
		859A48DB1F4E3EEE00E95CCF /* FlashCards */ = {
			isa = PBXNativeTarget;
			buildConfigurationList = 859A48EE1F4E3EEE00E95CCF /* Build configuration list for PBXNativeTarget "FlashCards" */;
			buildPhases = (
				859A48D81F4E3EEE00E95CCF /* Sources */,
				859A48D91F4E3EEE00E95CCF /* Frameworks */,
				859A48DA1F4E3EEE00E95CCF /* Resources */,
			);
			buildRules = (
			);
			dependencies = (
			);
			name = FlashCards;
			productName = FlashCards;
			productReference = 859A48DC1F4E3EEE00E95CCF /* FlashCards.app */;
			productType = "com.apple.product-type.application";
		};
/* End PBXNativeTarget section */

/* Begin PBXProject section */
		859A48D41F4E3EEE00E95CCF /* Project object */ = {
			isa = PBXProject;
			attributes = {
				LastSwiftUpdateCheck = 0830;
				LastUpgradeCheck = 0830;
				ORGANIZATIONNAME = A290;
				TargetAttributes = {
					859A48DB1F4E3EEE00E95CCF = {
						CreatedOnToolsVersion = 8.3.3;
						ProvisioningStyle = Automatic;
					};
				};
			};
			buildConfigurationList = 859A48D71F4E3EEE00E95CCF /* Build configuration list for PBXProject "FlashCards" */;
			compatibilityVersion = "Xcode 3.2";
			developmentRegion = English;
			hasScannedForEncodings = 0;
			knownRegions = (
				en,
				Base,
			);
			mainGroup = 859A48D31F4E3EEE00E95CCF;
			productRefGroup = 859A48DD1F4E3EEE00E95CCF /* Products */;
			projectDirPath = "";
			projectRoot = "";
			targets = (
				859A48DB1F4E3EEE00E95CCF /* FlashCards */,
			);
		};
/* End PBXProject section */

/* Begin PBXResourcesBuildPhase section */
		859A48DA1F4E3EEE00E95CCF /* Resources */ = {
			isa = PBXResourcesBuildPhase;
			buildActionMask = 2147483647;
			files = (
				859A48EA1F4E3EEE00E95CCF /* LaunchScreen.storyboard in Resources */,
				859A48E71F4E3EEE00E95CCF /* Assets.xcassets in Resources */,
				859A48E51F4E3EEE00E95CCF /* Main.storyboard in Resources */,
			);
			runOnlyForDeploymentPostprocessing = 0;
		};
/* End PBXResourcesBuildPhase section */

/* Begin PBXSourcesBuildPhase section */
		859A48D81F4E3EEE00E95CCF /* Sources */ = {
			isa = PBXSourcesBuildPhase;
			buildActionMask = 2147483647;
			files = (
				857671C21F54D2940089C1BB /* FlashCardsController.swift in Sources */,
				855D85BA1F54CDDB00763465 /* FlashCardModel.swift in Sources */,
				859A48E01F4E3EEE00E95CCF /* AppDelegate.swift in Sources */,
			);
			runOnlyForDeploymentPostprocessing = 0;
		};
/* End PBXSourcesBuildPhase section */

/* Begin PBXVariantGroup section */
		859A48E31F4E3EEE00E95CCF /* Main.storyboard */ = {
			isa = PBXVariantGroup;
			children = (
				859A48E41F4E3EEE00E95CCF /* Base */,
			);
			name = Main.storyboard;
			sourceTree = "<group>";
		};
		859A48E81F4E3EEE00E95CCF /* LaunchScreen.storyboard */ = {
			isa = PBXVariantGroup;
			children = (
				859A48E91F4E3EEE00E95CCF /* Base */,
			);
			name = LaunchScreen.storyboard;
			sourceTree = "<group>";
		};
/* End PBXVariantGroup section */

/* Begin XCBuildConfiguration section */
		859A48EC1F4E3EEE00E95CCF /* Debug */ = {
			isa = XCBuildConfiguration;
			buildSettings = {
				ALWAYS_SEARCH_USER_PATHS = NO;
				CLANG_ANALYZER_NONNULL = YES;
				CLANG_ANALYZER_NUMBER_OBJECT_CONVERSION = YES_AGGRESSIVE;
				CLANG_CXX_LANGUAGE_STANDARD = "gnu++0x";
				CLANG_CXX_LIBRARY = "libc++";
				CLANG_ENABLE_MODULES = YES;
				CLANG_ENABLE_OBJC_ARC = YES;
				CLANG_WARN_BOOL_CONVERSION = YES;
				CLANG_WARN_CONSTANT_CONVERSION = YES;
				CLANG_WARN_DIRECT_OBJC_ISA_USAGE = YES_ERROR;
				CLANG_WARN_DOCUMENTATION_COMMENTS = YES;
				CLANG_WARN_EMPTY_BODY = YES;
				CLANG_WARN_ENUM_CONVERSION = YES;
				CLANG_WARN_INFINITE_RECURSION = YES;
				CLANG_WARN_INT_CONVERSION = YES;
				CLANG_WARN_OBJC_ROOT_CLASS = YES_ERROR;
				CLANG_WARN_SUSPICIOUS_MOVE = YES;
				CLANG_WARN_UNREACHABLE_CODE = YES;
				CLANG_WARN__DUPLICATE_METHOD_MATCH = YES;
				"CODE_SIGN_IDENTITY[sdk=iphoneos*]" = "iPhone Developer";
				COPY_PHASE_STRIP = NO;
				DEBUG_INFORMATION_FORMAT = dwarf;
				ENABLE_STRICT_OBJC_MSGSEND = YES;
				ENABLE_TESTABILITY = YES;
				GCC_C_LANGUAGE_STANDARD = gnu99;
				GCC_DYNAMIC_NO_PIC = NO;
				GCC_NO_COMMON_BLOCKS = YES;
				GCC_OPTIMIZATION_LEVEL = 0;
				GCC_PREPROCESSOR_DEFINITIONS = (
					"DEBUG=1",
					"$(inherited)",
				);
				GCC_WARN_64_TO_32_BIT_CONVERSION = YES;
				GCC_WARN_ABOUT_RETURN_TYPE = YES_ERROR;
				GCC_WARN_UNDECLARED_SELECTOR = YES;
				GCC_WARN_UNINITIALIZED_AUTOS = YES_AGGRESSIVE;
				GCC_WARN_UNUSED_FUNCTION = YES;
				GCC_WARN_UNUSED_VARIABLE = YES;
				IPHONEOS_DEPLOYMENT_TARGET = 10.3;
				MTL_ENABLE_DEBUG_INFO = YES;
				ONLY_ACTIVE_ARCH = YES;
				SDKROOT = iphoneos;
				SWIFT_ACTIVE_COMPILATION_CONDITIONS = DEBUG;
				SWIFT_OPTIMIZATION_LEVEL = "-Onone";
			};
			name = Debug;
		};
		859A48ED1F4E3EEE00E95CCF /* Release */ = {
			isa = XCBuildConfiguration;
			buildSettings = {
				ALWAYS_SEARCH_USER_PATHS = NO;
				CLANG_ANALYZER_NONNULL = YES;
				CLANG_ANALYZER_NUMBER_OBJECT_CONVERSION = YES_AGGRESSIVE;
				CLANG_CXX_LANGUAGE_STANDARD = "gnu++0x";
				CLANG_CXX_LIBRARY = "libc++";
				CLANG_ENABLE_MODULES = YES;
				CLANG_ENABLE_OBJC_ARC = YES;
				CLANG_WARN_BOOL_CONVERSION = YES;
				CLANG_WARN_CONSTANT_CONVERSION = YES;
				CLANG_WARN_DIRECT_OBJC_ISA_USAGE = YES_ERROR;
				CLANG_WARN_DOCUMENTATION_COMMENTS = YES;
				CLANG_WARN_EMPTY_BODY = YES;
				CLANG_WARN_ENUM_CONVERSION = YES;
				CLANG_WARN_INFINITE_RECURSION = YES;
				CLANG_WARN_INT_CONVERSION = YES;
				CLANG_WARN_OBJC_ROOT_CLASS = YES_ERROR;
				CLANG_WARN_SUSPICIOUS_MOVE = YES;
				CLANG_WARN_UNREACHABLE_CODE = YES;
				CLANG_WARN__DUPLICATE_METHOD_MATCH = YES;
				"CODE_SIGN_IDENTITY[sdk=iphoneos*]" = "iPhone Developer";
				COPY_PHASE_STRIP = NO;
				DEBUG_INFORMATION_FORMAT = "dwarf-with-dsym";
				ENABLE_NS_ASSERTIONS = NO;
				ENABLE_STRICT_OBJC_MSGSEND = YES;
				GCC_C_LANGUAGE_STANDARD = gnu99;
				GCC_NO_COMMON_BLOCKS = YES;
				GCC_WARN_64_TO_32_BIT_CONVERSION = YES;
				GCC_WARN_ABOUT_RETURN_TYPE = YES_ERROR;
				GCC_WARN_UNDECLARED_SELECTOR = YES;
				GCC_WARN_UNINITIALIZED_AUTOS = YES_AGGRESSIVE;
				GCC_WARN_UNUSED_FUNCTION = YES;
				GCC_WARN_UNUSED_VARIABLE = YES;
				IPHONEOS_DEPLOYMENT_TARGET = 10.3;
				MTL_ENABLE_DEBUG_INFO = NO;
				SDKROOT = iphoneos;
				SWIFT_OPTIMIZATION_LEVEL = "-Owholemodule";
				VALIDATE_PRODUCT = YES;
			};
			name = Release;
		};
		859A48EF1F4E3EEE00E95CCF /* Debug */ = {
			isa = XCBuildConfiguration;
			buildSettings = {
				ASSETCATALOG_COMPILER_APPICON_NAME = AppIcon;
				INFOPLIST_FILE = FlashCards/Info.plist;
				LD_RUNPATH_SEARCH_PATHS = "$(inherited) @executable_path/Frameworks";
				PRODUCT_BUNDLE_IDENTIFIER = edu.indiana.cs.a290jsisaacs.FlashCards;
				PRODUCT_NAME = "$(TARGET_NAME)";
				SWIFT_VERSION = 3.0;
			};
			name = Debug;
		};
		859A48F01F4E3EEE00E95CCF /* Release */ = {
			isa = XCBuildConfiguration;
			buildSettings = {
				ASSETCATALOG_COMPILER_APPICON_NAME = AppIcon;
				INFOPLIST_FILE = FlashCards/Info.plist;
				LD_RUNPATH_SEARCH_PATHS = "$(inherited) @executable_path/Frameworks";
				PRODUCT_BUNDLE_IDENTIFIER = edu.indiana.cs.a290jsisaacs.FlashCards;
				PRODUCT_NAME = "$(TARGET_NAME)";
				SWIFT_VERSION = 3.0;
			};
			name = Release;
		};
/* End XCBuildConfiguration section */

/* Begin XCConfigurationList section */
		859A48D71F4E3EEE00E95CCF /* Build configuration list for PBXProject "FlashCards" */ = {
			isa = XCConfigurationList;
			buildConfigurations = (
				859A48EC1F4E3EEE00E95CCF /* Debug */,
				859A48ED1F4E3EEE00E95CCF /* Release */,
			);
			defaultConfigurationIsVisible = 0;
			defaultConfigurationName = Release;
		};
		859A48EE1F4E3EEE00E95CCF /* Build configuration list for PBXNativeTarget "FlashCards" */ = {
			isa = XCConfigurationList;
			buildConfigurations = (
				859A48EF1F4E3EEE00E95CCF /* Debug */,
				859A48F01F4E3EEE00E95CCF /* Release */,
			);
			defaultConfigurationIsVisible = 0;
			defaultConfigurationName = Release;
		};
/* End XCConfigurationList section */
	};
	rootObject = 859A48D41F4E3EEE00E95CCF /* Project object */;
}
