// !$*UTF8*$!
{
	archiveVersion = 1;
	classes = {
	};
	objectVersion = 46;
	objects = {

/* Begin PBXBuildFile section */
		85A9AB091F69E1B0000C9926 /* AppDelegate.swift in Sources */ = {isa = PBXBuildFile; fileRef = 85A9AB081F69E1B0000C9926 /* AppDelegate.swift */; };
		85A9AB0B1F69E1B0000C9926 /* ViewController.swift in Sources */ = {isa = PBXBuildFile; fileRef = 85A9AB0A1F69E1B0000C9926 /* ViewController.swift */; };
		85A9AB0E1F69E1B0000C9926 /* Main.storyboard in Resources */ = {isa = PBXBuildFile; fileRef = 85A9AB0C1F69E1B0000C9926 /* Main.storyboard */; };
		85A9AB101F69E1B0000C9926 /* Assets.xcassets in Resources */ = {isa = PBXBuildFile; fileRef = 85A9AB0F1F69E1B0000C9926 /* Assets.xcassets */; };
		85A9AB131F69E1B0000C9926 /* LaunchScreen.storyboard in Resources */ = {isa = PBXBuildFile; fileRef = 85A9AB111F69E1B0000C9926 /* LaunchScreen.storyboard */; };
		85A9AB1B1F69E1D3000C9926 /* ConcentratedView.swift in Sources */ = {isa = PBXBuildFile; fileRef = 85A9AB1A1F69E1D3000C9926 /* ConcentratedView.swift */; };
/* End PBXBuildFile section */

/* Begin PBXFileReference section */
		85A9AB051F69E1B0000C9926 /* Concentrated.app */ = {isa = PBXFileReference; explicitFileType = wrapper.application; includeInIndex = 0; path = Concentrated.app; sourceTree = BUILT_PRODUCTS_DIR; };
		85A9AB081F69E1B0000C9926 /* AppDelegate.swift */ = {isa = PBXFileReference; lastKnownFileType = sourcecode.swift; path = AppDelegate.swift; sourceTree = "<group>"; };
		85A9AB0A1F69E1B0000C9926 /* ViewController.swift */ = {isa = PBXFileReference; lastKnownFileType = sourcecode.swift; path = ViewController.swift; sourceTree = "<group>"; };
		85A9AB0D1F69E1B0000C9926 /* Base */ = {isa = PBXFileReference; lastKnownFileType = file.storyboard; name = Base; path = Base.lproj/Main.storyboard; sourceTree = "<group>"; };
		85A9AB0F1F69E1B0000C9926 /* Assets.xcassets */ = {isa = PBXFileReference; lastKnownFileType = folder.assetcatalog; path = Assets.xcassets; sourceTree = "<group>"; };
		85A9AB121F69E1B0000C9926 /* Base */ = {isa = PBXFileReference; lastKnownFileType = file.storyboard; name = Base; path = Base.lproj/LaunchScreen.storyboard; sourceTree = "<group>"; };
		85A9AB141F69E1B0000C9926 /* Info.plist */ = {isa = PBXFileReference; lastKnownFileType = text.plist.xml; path = Info.plist; sourceTree = "<group>"; };
		85A9AB1A1F69E1D3000C9926 /* ConcentratedView.swift */ = {isa = PBXFileReference; fileEncoding = 4; lastKnownFileType = sourcecode.swift; path = ConcentratedView.swift; sourceTree = SOURCE_ROOT; };
/* End PBXFileReference section */

/* Begin PBXFrameworksBuildPhase section */
		85A9AB021F69E1B0000C9926 /* Frameworks */ = {
			isa = PBXFrameworksBuildPhase;
			buildActionMask = 2147483647;
			files = (
			);
			runOnlyForDeploymentPostprocessing = 0;
		};
/* End PBXFrameworksBuildPhase section */

/* Begin PBXGroup section */
		85A9AAFC1F69E1B0000C9926 = {
			isa = PBXGroup;
			children = (
				85A9AB071F69E1B0000C9926 /* Concentrated */,
				85A9AB061F69E1B0000C9926 /* Products */,
			);
			sourceTree = "<group>";
		};
		85A9AB061F69E1B0000C9926 /* Products */ = {
			isa = PBXGroup;
			children = (
				85A9AB051F69E1B0000C9926 /* Concentrated.app */,
			);
			name = Products;
			sourceTree = "<group>";
		};
		85A9AB071F69E1B0000C9926 /* Concentrated */ = {
			isa = PBXGroup;
			children = (
				85A9AB1A1F69E1D3000C9926 /* ConcentratedView.swift */,
				85A9AB081F69E1B0000C9926 /* AppDelegate.swift */,
				85A9AB0A1F69E1B0000C9926 /* ViewController.swift */,
				85A9AB0C1F69E1B0000C9926 /* Main.storyboard */,
				85A9AB0F1F69E1B0000C9926 /* Assets.xcassets */,
				85A9AB111F69E1B0000C9926 /* LaunchScreen.storyboard */,
				85A9AB141F69E1B0000C9926 /* Info.plist */,
			);
			path = Concentrated;
			sourceTree = "<group>";
		};
/* End PBXGroup section */

/* Begin PBXNativeTarget section */
		85A9AB041F69E1B0000C9926 /* Concentrated */ = {
			isa = PBXNativeTarget;
			buildConfigurationList = 85A9AB171F69E1B0000C9926 /* Build configuration list for PBXNativeTarget "Concentrated" */;
			buildPhases = (
				85A9AB011F69E1B0000C9926 /* Sources */,
				85A9AB021F69E1B0000C9926 /* Frameworks */,
				85A9AB031F69E1B0000C9926 /* Resources */,
			);
			buildRules = (
			);
			dependencies = (
			);
			name = Concentrated;
			productName = Concentrated;
			productReference = 85A9AB051F69E1B0000C9926 /* Concentrated.app */;
			productType = "com.apple.product-type.application";
		};
/* End PBXNativeTarget section */

/* Begin PBXProject section */
		85A9AAFD1F69E1B0000C9926 /* Project object */ = {
			isa = PBXProject;
			attributes = {
				LastSwiftUpdateCheck = 0830;
				LastUpgradeCheck = 0830;
				ORGANIZATIONNAME = "A290 Fall 2017 - jsisaacs";
				TargetAttributes = {
					85A9AB041F69E1B0000C9926 = {
						CreatedOnToolsVersion = 8.3.3;
						ProvisioningStyle = Automatic;
					};
				};
			};
			buildConfigurationList = 85A9AB001F69E1B0000C9926 /* Build configuration list for PBXProject "Concentrated" */;
			compatibilityVersion = "Xcode 3.2";
			developmentRegion = English;
			hasScannedForEncodings = 0;
			knownRegions = (
				en,
				Base,
			);
			mainGroup = 85A9AAFC1F69E1B0000C9926;
			productRefGroup = 85A9AB061F69E1B0000C9926 /* Products */;
			projectDirPath = "";
			projectRoot = "";
			targets = (
				85A9AB041F69E1B0000C9926 /* Concentrated */,
			);
		};
/* End PBXProject section */

/* Begin PBXResourcesBuildPhase section */
		85A9AB031F69E1B0000C9926 /* Resources */ = {
			isa = PBXResourcesBuildPhase;
			buildActionMask = 2147483647;
			files = (
				85A9AB131F69E1B0000C9926 /* LaunchScreen.storyboard in Resources */,
				85A9AB101F69E1B0000C9926 /* Assets.xcassets in Resources */,
				85A9AB0E1F69E1B0000C9926 /* Main.storyboard in Resources */,
			);
			runOnlyForDeploymentPostprocessing = 0;
		};
/* End PBXResourcesBuildPhase section */

/* Begin PBXSourcesBuildPhase section */
		85A9AB011F69E1B0000C9926 /* Sources */ = {
			isa = PBXSourcesBuildPhase;
			buildActionMask = 2147483647;
			files = (
				85A9AB0B1F69E1B0000C9926 /* ViewController.swift in Sources */,
				85A9AB091F69E1B0000C9926 /* AppDelegate.swift in Sources */,
				85A9AB1B1F69E1D3000C9926 /* ConcentratedView.swift in Sources */,
			);
			runOnlyForDeploymentPostprocessing = 0;
		};
/* End PBXSourcesBuildPhase section */

/* Begin PBXVariantGroup section */
		85A9AB0C1F69E1B0000C9926 /* Main.storyboard */ = {
			isa = PBXVariantGroup;
			children = (
				85A9AB0D1F69E1B0000C9926 /* Base */,
			);
			name = Main.storyboard;
			sourceTree = "<group>";
		};
		85A9AB111F69E1B0000C9926 /* LaunchScreen.storyboard */ = {
			isa = PBXVariantGroup;
			children = (
				85A9AB121F69E1B0000C9926 /* Base */,
			);
			name = LaunchScreen.storyboard;
			sourceTree = "<group>";
		};
/* End PBXVariantGroup section */

/* Begin XCBuildConfiguration section */
		85A9AB151F69E1B0000C9926 /* Debug */ = {
			isa = XCBuildConfiguration;
			buildSettings = {
				ALWAYS_SEARCH_USER_PATHS = NO;
				CLANG_ANALYZER_NONNULL = YES;
				CLANG_ANALYZER_NUMBER_OBJECT_CONVERSION = YES_AGGRESSIVE;
				CLANG_CXX_LANGUAGE_STANDARD = "gnu++0x";
				CLANG_CXX_LIBRARY = "libc++";
				CLANG_ENABLE_MODULES = YES;
				CLANG_ENABLE_OBJC_ARC = YES;
				CLANG_WARN_BOOL_CONVERSION = YES;
				CLANG_WARN_CONSTANT_CONVERSION = YES;
				CLANG_WARN_DIRECT_OBJC_ISA_USAGE = YES_ERROR;
				CLANG_WARN_DOCUMENTATION_COMMENTS = YES;
				CLANG_WARN_EMPTY_BODY = YES;
				CLANG_WARN_ENUM_CONVERSION = YES;
				CLANG_WARN_INFINITE_RECURSION = YES;
				CLANG_WARN_INT_CONVERSION = YES;
				CLANG_WARN_OBJC_ROOT_CLASS = YES_ERROR;
				CLANG_WARN_SUSPICIOUS_MOVE = YES;
				CLANG_WARN_UNREACHABLE_CODE = YES;
				CLANG_WARN__DUPLICATE_METHOD_MATCH = YES;
				"CODE_SIGN_IDENTITY[sdk=iphoneos*]" = "iPhone Developer";
				COPY_PHASE_STRIP = NO;
				DEBUG_INFORMATION_FORMAT = dwarf;
				ENABLE_STRICT_OBJC_MSGSEND = YES;
				ENABLE_TESTABILITY = YES;
				GCC_C_LANGUAGE_STANDARD = gnu99;
				GCC_DYNAMIC_NO_PIC = NO;
				GCC_NO_COMMON_BLOCKS = YES;
				GCC_OPTIMIZATION_LEVEL = 0;
				GCC_PREPROCESSOR_DEFINITIONS = (
					"DEBUG=1",
					"$(inherited)",
				);
				GCC_WARN_64_TO_32_BIT_CONVERSION = YES;
				GCC_WARN_ABOUT_RETURN_TYPE = YES_ERROR;
				GCC_WARN_UNDECLARED_SELECTOR = YES;
				GCC_WARN_UNINITIALIZED_AUTOS = YES_AGGRESSIVE;
				GCC_WARN_UNUSED_FUNCTION = YES;
				GCC_WARN_UNUSED_VARIABLE = YES;
				IPHONEOS_DEPLOYMENT_TARGET = 10.3;
				MTL_ENABLE_DEBUG_INFO = YES;
				ONLY_ACTIVE_ARCH = YES;
				SDKROOT = iphoneos;
				SWIFT_ACTIVE_COMPILATION_CONDITIONS = DEBUG;
				SWIFT_OPTIMIZATION_LEVEL = "-Onone";
				TARGETED_DEVICE_FAMILY = "1,2";
			};
			name = Debug;
		};
		85A9AB161F69E1B0000C9926 /* Release */ = {
			isa = XCBuildConfiguration;
			buildSettings = {
				ALWAYS_SEARCH_USER_PATHS = NO;
				CLANG_ANALYZER_NONNULL = YES;
				CLANG_ANALYZER_NUMBER_OBJECT_CONVERSION = YES_AGGRESSIVE;
				CLANG_CXX_LANGUAGE_STANDARD = "gnu++0x";
				CLANG_CXX_LIBRARY = "libc++";
				CLANG_ENABLE_MODULES = YES;
				CLANG_ENABLE_OBJC_ARC = YES;
				CLANG_WARN_BOOL_CONVERSION = YES;
				CLANG_WARN_CONSTANT_CONVERSION = YES;
				CLANG_WARN_DIRECT_OBJC_ISA_USAGE = YES_ERROR;
				CLANG_WARN_DOCUMENTATION_COMMENTS = YES;
				CLANG_WARN_EMPTY_BODY = YES;
				CLANG_WARN_ENUM_CONVERSION = YES;
				CLANG_WARN_INFINITE_RECURSION = YES;
				CLANG_WARN_INT_CONVERSION = YES;
				CLANG_WARN_OBJC_ROOT_CLASS = YES_ERROR;
				CLANG_WARN_SUSPICIOUS_MOVE = YES;
				CLANG_WARN_UNREACHABLE_CODE = YES;
				CLANG_WARN__DUPLICATE_METHOD_MATCH = YES;
				"CODE_SIGN_IDENTITY[sdk=iphoneos*]" = "iPhone Developer";
				COPY_PHASE_STRIP = NO;
				DEBUG_INFORMATION_FORMAT = "dwarf-with-dsym";
				ENABLE_NS_ASSERTIONS = NO;
				ENABLE_STRICT_OBJC_MSGSEND = YES;
				GCC_C_LANGUAGE_STANDARD = gnu99;
				GCC_NO_COMMON_BLOCKS = YES;
				GCC_WARN_64_TO_32_BIT_CONVERSION = YES;
				GCC_WARN_ABOUT_RETURN_TYPE = YES_ERROR;
				GCC_WARN_UNDECLARED_SELECTOR = YES;
				GCC_WARN_UNINITIALIZED_AUTOS = YES_AGGRESSIVE;
				GCC_WARN_UNUSED_FUNCTION = YES;
				GCC_WARN_UNUSED_VARIABLE = YES;
				IPHONEOS_DEPLOYMENT_TARGET = 10.3;
				MTL_ENABLE_DEBUG_INFO = NO;
				SDKROOT = iphoneos;
				SWIFT_OPTIMIZATION_LEVEL = "-Owholemodule";
				TARGETED_DEVICE_FAMILY = "1,2";
				VALIDATE_PRODUCT = YES;
			};
			name = Release;
		};
		85A9AB181F69E1B0000C9926 /* Debug */ = {
			isa = XCBuildConfiguration;
			buildSettings = {
				ASSETCATALOG_COMPILER_APPICON_NAME = AppIcon;
				INFOPLIST_FILE = Concentrated/Info.plist;
				LD_RUNPATH_SEARCH_PATHS = "$(inherited) @executable_path/Frameworks";
				PRODUCT_BUNDLE_IDENTIFIER = edu.indiana.cs.a290jsisaacs.Concentrated;
				PRODUCT_NAME = "$(TARGET_NAME)";
				SWIFT_VERSION = 3.0;
			};
			name = Debug;
		};
		85A9AB191F69E1B0000C9926 /* Release */ = {
			isa = XCBuildConfiguration;
			buildSettings = {
				ASSETCATALOG_COMPILER_APPICON_NAME = AppIcon;
				INFOPLIST_FILE = Concentrated/Info.plist;
				LD_RUNPATH_SEARCH_PATHS = "$(inherited) @executable_path/Frameworks";
				PRODUCT_BUNDLE_IDENTIFIER = edu.indiana.cs.a290jsisaacs.Concentrated;
				PRODUCT_NAME = "$(TARGET_NAME)";
				SWIFT_VERSION = 3.0;
			};
			name = Release;
		};
/* End XCBuildConfiguration section */

/* Begin XCConfigurationList section */
		85A9AB001F69E1B0000C9926 /* Build configuration list for PBXProject "Concentrated" */ = {
			isa = XCConfigurationList;
			buildConfigurations = (
				85A9AB151F69E1B0000C9926 /* Debug */,
				85A9AB161F69E1B0000C9926 /* Release */,
			);
			defaultConfigurationIsVisible = 0;
			defaultConfigurationName = Release;
		};
		85A9AB171F69E1B0000C9926 /* Build configuration list for PBXNativeTarget "Concentrated" */ = {
			isa = XCConfigurationList;
			buildConfigurations = (
				85A9AB181F69E1B0000C9926 /* Debug */,
				85A9AB191F69E1B0000C9926 /* Release */,
			);
			defaultConfigurationIsVisible = 0;
		};
/* End XCConfigurationList section */
	};
	rootObject = 85A9AAFD1F69E1B0000C9926 /* Project object */;
}
