// !$*UTF8*$!
{
	archiveVersion = 1;
	classes = {
	};
	objectVersion = 46;
	objects = {

/* Begin PBXBuildFile section */
		856941D21F6F65620062B359 /* AppDelegate.swift in Sources */ = {isa = PBXBuildFile; fileRef = 856941D11F6F65620062B359 /* AppDelegate.swift */; };
		856941D41F6F65620062B359 /* HomeViewController.swift in Sources */ = {isa = PBXBuildFile; fileRef = 856941D31F6F65620062B359 /* HomeViewController.swift */; };
		856941D61F6F65620062B359 /* ConcentratedViewController.swift in Sources */ = {isa = PBXBuildFile; fileRef = 856941D51F6F65620062B359 /* ConcentratedViewController.swift */; };
		856941D91F6F65620062B359 /* Main.storyboard in Resources */ = {isa = PBXBuildFile; fileRef = 856941D71F6F65620062B359 /* Main.storyboard */; };
		856941DB1F6F65620062B359 /* Assets.xcassets in Resources */ = {isa = PBXBuildFile; fileRef = 856941DA1F6F65620062B359 /* Assets.xcassets */; };
		856941DE1F6F65620062B359 /* LaunchScreen.storyboard in Resources */ = {isa = PBXBuildFile; fileRef = 856941DC1F6F65620062B359 /* LaunchScreen.storyboard */; };
		85C8A12D1F70B2E400DAAFC4 /* TabbedAppModel.swift in Sources */ = {isa = PBXBuildFile; fileRef = 85C8A12C1F70B2E400DAAFC4 /* TabbedAppModel.swift */; };
		85C8A12F1F70B57400DAAFC4 /* FlashCardsModelOneViewController.swift in Sources */ = {isa = PBXBuildFile; fileRef = 85C8A12E1F70B57400DAAFC4 /* FlashCardsModelOneViewController.swift */; };
		85C8A1311F70B58600DAAFC4 /* TabbedFlashCardsOneViewController.swift in Sources */ = {isa = PBXBuildFile; fileRef = 85C8A1301F70B58600DAAFC4 /* TabbedFlashCardsOneViewController.swift */; };
		85C8A1331F70B59D00DAAFC4 /* BinCalcViewController.swift in Sources */ = {isa = PBXBuildFile; fileRef = 85C8A1321F70B59D00DAAFC4 /* BinCalcViewController.swift */; };
		85C8A1351F70B5C200DAAFC4 /* EandTViewController.swift in Sources */ = {isa = PBXBuildFile; fileRef = 85C8A1341F70B5C200DAAFC4 /* EandTViewController.swift */; };
		85C8A1371F70C26900DAAFC4 /* ConcentratedView.swift in Sources */ = {isa = PBXBuildFile; fileRef = 85C8A1361F70C26900DAAFC4 /* ConcentratedView.swift */; };
		85C8A13B1F70C92900DAAFC4 /* TabbedFlashCardsTwoViewController.swift in Sources */ = {isa = PBXBuildFile; fileRef = 85C8A13A1F70C92900DAAFC4 /* TabbedFlashCardsTwoViewController.swift */; };
/* End PBXBuildFile section */

/* Begin PBXFileReference section */
		856941CE1F6F65620062B359 /* TabbedApp.app */ = {isa = PBXFileReference; explicitFileType = wrapper.application; includeInIndex = 0; path = TabbedApp.app; sourceTree = BUILT_PRODUCTS_DIR; };
		856941D11F6F65620062B359 /* AppDelegate.swift */ = {isa = PBXFileReference; lastKnownFileType = sourcecode.swift; path = AppDelegate.swift; sourceTree = "<group>"; };
		856941D31F6F65620062B359 /* HomeViewController.swift */ = {isa = PBXFileReference; lastKnownFileType = sourcecode.swift; path = HomeViewController.swift; sourceTree = "<group>"; };
		856941D51F6F65620062B359 /* ConcentratedViewController.swift */ = {isa = PBXFileReference; lastKnownFileType = sourcecode.swift; path = ConcentratedViewController.swift; sourceTree = "<group>"; };
		856941D81F6F65620062B359 /* Base */ = {isa = PBXFileReference; lastKnownFileType = file.storyboard; name = Base; path = Base.lproj/Main.storyboard; sourceTree = "<group>"; };
		856941DA1F6F65620062B359 /* Assets.xcassets */ = {isa = PBXFileReference; lastKnownFileType = folder.assetcatalog; path = Assets.xcassets; sourceTree = "<group>"; };
		856941DD1F6F65620062B359 /* Base */ = {isa = PBXFileReference; lastKnownFileType = file.storyboard; name = Base; path = Base.lproj/LaunchScreen.storyboard; sourceTree = "<group>"; };
		856941DF1F6F65620062B359 /* Info.plist */ = {isa = PBXFileReference; lastKnownFileType = text.plist.xml; path = Info.plist; sourceTree = "<group>"; };
		85C8A12C1F70B2E400DAAFC4 /* TabbedAppModel.swift */ = {isa = PBXFileReference; fileEncoding = 4; lastKnownFileType = sourcecode.swift; path = TabbedAppModel.swift; sourceTree = "<group>"; };
		85C8A12E1F70B57400DAAFC4 /* FlashCardsModelOneViewController.swift */ = {isa = PBXFileReference; fileEncoding = 4; lastKnownFileType = sourcecode.swift; path = FlashCardsModelOneViewController.swift; sourceTree = "<group>"; };
		85C8A1301F70B58600DAAFC4 /* TabbedFlashCardsOneViewController.swift */ = {isa = PBXFileReference; fileEncoding = 4; lastKnownFileType = sourcecode.swift; path = TabbedFlashCardsOneViewController.swift; sourceTree = "<group>"; };
		85C8A1321F70B59D00DAAFC4 /* BinCalcViewController.swift */ = {isa = PBXFileReference; fileEncoding = 4; lastKnownFileType = sourcecode.swift; path = BinCalcViewController.swift; sourceTree = "<group>"; };
		85C8A1341F70B5C200DAAFC4 /* EandTViewController.swift */ = {isa = PBXFileReference; fileEncoding = 4; lastKnownFileType = sourcecode.swift; path = EandTViewController.swift; sourceTree = "<group>"; };
		85C8A1361F70C26900DAAFC4 /* ConcentratedView.swift */ = {isa = PBXFileReference; fileEncoding = 4; lastKnownFileType = sourcecode.swift; path = ConcentratedView.swift; sourceTree = "<group>"; };
		85C8A13A1F70C92900DAAFC4 /* TabbedFlashCardsTwoViewController.swift */ = {isa = PBXFileReference; fileEncoding = 4; lastKnownFileType = sourcecode.swift; path = TabbedFlashCardsTwoViewController.swift; sourceTree = "<group>"; };
/* End PBXFileReference section */

/* Begin PBXFrameworksBuildPhase section */
		856941CB1F6F65620062B359 /* Frameworks */ = {
			isa = PBXFrameworksBuildPhase;
			buildActionMask = 2147483647;
			files = (
			);
			runOnlyForDeploymentPostprocessing = 0;
		};
/* End PBXFrameworksBuildPhase section */

/* Begin PBXGroup section */
		856941C51F6F65620062B359 = {
			isa = PBXGroup;
			children = (
				856941D01F6F65620062B359 /* TabbedApp */,
				856941CF1F6F65620062B359 /* Products */,
			);
			sourceTree = "<group>";
		};
		856941CF1F6F65620062B359 /* Products */ = {
			isa = PBXGroup;
			children = (
				856941CE1F6F65620062B359 /* TabbedApp.app */,
			);
			name = Products;
			sourceTree = "<group>";
		};
		856941D01F6F65620062B359 /* TabbedApp */ = {
			isa = PBXGroup;
			children = (
				856941D11F6F65620062B359 /* AppDelegate.swift */,
				856941D31F6F65620062B359 /* HomeViewController.swift */,
				856941D51F6F65620062B359 /* ConcentratedViewController.swift */,
				85C8A1361F70C26900DAAFC4 /* ConcentratedView.swift */,
				85C8A12E1F70B57400DAAFC4 /* FlashCardsModelOneViewController.swift */,
				85C8A1301F70B58600DAAFC4 /* TabbedFlashCardsOneViewController.swift */,
				85C8A13A1F70C92900DAAFC4 /* TabbedFlashCardsTwoViewController.swift */,
				85C8A1321F70B59D00DAAFC4 /* BinCalcViewController.swift */,
				85C8A1341F70B5C200DAAFC4 /* EandTViewController.swift */,
				856941D71F6F65620062B359 /* Main.storyboard */,
				856941DA1F6F65620062B359 /* Assets.xcassets */,
				856941DC1F6F65620062B359 /* LaunchScreen.storyboard */,
				856941DF1F6F65620062B359 /* Info.plist */,
				85C8A12C1F70B2E400DAAFC4 /* TabbedAppModel.swift */,
			);
			path = TabbedApp;
			sourceTree = "<group>";
		};
/* End PBXGroup section */

/* Begin PBXNativeTarget section */
		856941CD1F6F65620062B359 /* TabbedApp */ = {
			isa = PBXNativeTarget;
			buildConfigurationList = 856941E21F6F65620062B359 /* Build configuration list for PBXNativeTarget "TabbedApp" */;
			buildPhases = (
				856941CA1F6F65620062B359 /* Sources */,
				856941CB1F6F65620062B359 /* Frameworks */,
				856941CC1F6F65620062B359 /* Resources */,
			);
			buildRules = (
			);
			dependencies = (
			);
			name = TabbedApp;
			productName = TabbedApp;
			productReference = 856941CE1F6F65620062B359 /* TabbedApp.app */;
			productType = "com.apple.product-type.application";
		};
/* End PBXNativeTarget section */

/* Begin PBXProject section */
		856941C61F6F65620062B359 /* Project object */ = {
			isa = PBXProject;
			attributes = {
				LastSwiftUpdateCheck = 0830;
				LastUpgradeCheck = 0830;
				ORGANIZATIONNAME = "A290 Fall 2017 - jsisaacs";
				TargetAttributes = {
					856941CD1F6F65620062B359 = {
						CreatedOnToolsVersion = 8.3.3;
						ProvisioningStyle = Automatic;
					};
				};
			};
			buildConfigurationList = 856941C91F6F65620062B359 /* Build configuration list for PBXProject "TabbedApp" */;
			compatibilityVersion = "Xcode 3.2";
			developmentRegion = English;
			hasScannedForEncodings = 0;
			knownRegions = (
				en,
				Base,
			);
			mainGroup = 856941C51F6F65620062B359;
			productRefGroup = 856941CF1F6F65620062B359 /* Products */;
			projectDirPath = "";
			projectRoot = "";
			targets = (
				856941CD1F6F65620062B359 /* TabbedApp */,
			);
		};
/* End PBXProject section */

/* Begin PBXResourcesBuildPhase section */
		856941CC1F6F65620062B359 /* Resources */ = {
			isa = PBXResourcesBuildPhase;
			buildActionMask = 2147483647;
			files = (
				856941DE1F6F65620062B359 /* LaunchScreen.storyboard in Resources */,
				856941DB1F6F65620062B359 /* Assets.xcassets in Resources */,
				856941D91F6F65620062B359 /* Main.storyboard in Resources */,
			);
			runOnlyForDeploymentPostprocessing = 0;
		};
/* End PBXResourcesBuildPhase section */

/* Begin PBXSourcesBuildPhase section */
		856941CA1F6F65620062B359 /* Sources */ = {
			isa = PBXSourcesBuildPhase;
			buildActionMask = 2147483647;
			files = (
				85C8A1311F70B58600DAAFC4 /* TabbedFlashCardsOneViewController.swift in Sources */,
				856941D61F6F65620062B359 /* ConcentratedViewController.swift in Sources */,
				85C8A13B1F70C92900DAAFC4 /* TabbedFlashCardsTwoViewController.swift in Sources */,
				856941D21F6F65620062B359 /* AppDelegate.swift in Sources */,
				85C8A1351F70B5C200DAAFC4 /* EandTViewController.swift in Sources */,
				85C8A12F1F70B57400DAAFC4 /* FlashCardsModelOneViewController.swift in Sources */,
				85C8A1371F70C26900DAAFC4 /* ConcentratedView.swift in Sources */,
				856941D41F6F65620062B359 /* HomeViewController.swift in Sources */,
				85C8A12D1F70B2E400DAAFC4 /* TabbedAppModel.swift in Sources */,
				85C8A1331F70B59D00DAAFC4 /* BinCalcViewController.swift in Sources */,
			);
			runOnlyForDeploymentPostprocessing = 0;
		};
/* End PBXSourcesBuildPhase section */

/* Begin PBXVariantGroup section */
		856941D71F6F65620062B359 /* Main.storyboard */ = {
			isa = PBXVariantGroup;
			children = (
				856941D81F6F65620062B359 /* Base */,
			);
			name = Main.storyboard;
			sourceTree = "<group>";
		};
		856941DC1F6F65620062B359 /* LaunchScreen.storyboard */ = {
			isa = PBXVariantGroup;
			children = (
				856941DD1F6F65620062B359 /* Base */,
			);
			name = LaunchScreen.storyboard;
			sourceTree = "<group>";
		};
/* End PBXVariantGroup section */

/* Begin XCBuildConfiguration section */
		856941E01F6F65620062B359 /* Debug */ = {
			isa = XCBuildConfiguration;
			buildSettings = {
				ALWAYS_SEARCH_USER_PATHS = NO;
				CLANG_ANALYZER_NONNULL = YES;
				CLANG_ANALYZER_NUMBER_OBJECT_CONVERSION = YES_AGGRESSIVE;
				CLANG_CXX_LANGUAGE_STANDARD = "gnu++0x";
				CLANG_CXX_LIBRARY = "libc++";
				CLANG_ENABLE_MODULES = YES;
				CLANG_ENABLE_OBJC_ARC = YES;
				CLANG_WARN_BOOL_CONVERSION = YES;
				CLANG_WARN_CONSTANT_CONVERSION = YES;
				CLANG_WARN_DIRECT_OBJC_ISA_USAGE = YES_ERROR;
				CLANG_WARN_DOCUMENTATION_COMMENTS = YES;
				CLANG_WARN_EMPTY_BODY = YES;
				CLANG_WARN_ENUM_CONVERSION = YES;
				CLANG_WARN_INFINITE_RECURSION = YES;
				CLANG_WARN_INT_CONVERSION = YES;
				CLANG_WARN_OBJC_ROOT_CLASS = YES_ERROR;
				CLANG_WARN_SUSPICIOUS_MOVE = YES;
				CLANG_WARN_UNREACHABLE_CODE = YES;
				CLANG_WARN__DUPLICATE_METHOD_MATCH = YES;
				"CODE_SIGN_IDENTITY[sdk=iphoneos*]" = "iPhone Developer";
				COPY_PHASE_STRIP = NO;
				DEBUG_INFORMATION_FORMAT = dwarf;
				ENABLE_STRICT_OBJC_MSGSEND = YES;
				ENABLE_TESTABILITY = YES;
				GCC_C_LANGUAGE_STANDARD = gnu99;
				GCC_DYNAMIC_NO_PIC = NO;
				GCC_NO_COMMON_BLOCKS = YES;
				GCC_OPTIMIZATION_LEVEL = 0;
				GCC_PREPROCESSOR_DEFINITIONS = (
					"DEBUG=1",
					"$(inherited)",
				);
				GCC_WARN_64_TO_32_BIT_CONVERSION = YES;
				GCC_WARN_ABOUT_RETURN_TYPE = YES_ERROR;
				GCC_WARN_UNDECLARED_SELECTOR = YES;
				GCC_WARN_UNINITIALIZED_AUTOS = YES_AGGRESSIVE;
				GCC_WARN_UNUSED_FUNCTION = YES;
				GCC_WARN_UNUSED_VARIABLE = YES;
				IPHONEOS_DEPLOYMENT_TARGET = 10.3;
				MTL_ENABLE_DEBUG_INFO = YES;
				ONLY_ACTIVE_ARCH = YES;
				SDKROOT = iphoneos;
				SWIFT_ACTIVE_COMPILATION_CONDITIONS = DEBUG;
				SWIFT_OPTIMIZATION_LEVEL = "-Onone";
				TARGETED_DEVICE_FAMILY = "1,2";
			};
			name = Debug;
		};
		856941E11F6F65620062B359 /* Release */ = {
			isa = XCBuildConfiguration;
			buildSettings = {
				ALWAYS_SEARCH_USER_PATHS = NO;
				CLANG_ANALYZER_NONNULL = YES;
				CLANG_ANALYZER_NUMBER_OBJECT_CONVERSION = YES_AGGRESSIVE;
				CLANG_CXX_LANGUAGE_STANDARD = "gnu++0x";
				CLANG_CXX_LIBRARY = "libc++";
				CLANG_ENABLE_MODULES = YES;
				CLANG_ENABLE_OBJC_ARC = YES;
				CLANG_WARN_BOOL_CONVERSION = YES;
				CLANG_WARN_CONSTANT_CONVERSION = YES;
				CLANG_WARN_DIRECT_OBJC_ISA_USAGE = YES_ERROR;
				CLANG_WARN_DOCUMENTATION_COMMENTS = YES;
				CLANG_WARN_EMPTY_BODY = YES;
				CLANG_WARN_ENUM_CONVERSION = YES;
				CLANG_WARN_INFINITE_RECURSION = YES;
				CLANG_WARN_INT_CONVERSION = YES;
				CLANG_WARN_OBJC_ROOT_CLASS = YES_ERROR;
				CLANG_WARN_SUSPICIOUS_MOVE = YES;
				CLANG_WARN_UNREACHABLE_CODE = YES;
				CLANG_WARN__DUPLICATE_METHOD_MATCH = YES;
				"CODE_SIGN_IDENTITY[sdk=iphoneos*]" = "iPhone Developer";
				COPY_PHASE_STRIP = NO;
				DEBUG_INFORMATION_FORMAT = "dwarf-with-dsym";
				ENABLE_NS_ASSERTIONS = NO;
				ENABLE_STRICT_OBJC_MSGSEND = YES;
				GCC_C_LANGUAGE_STANDARD = gnu99;
				GCC_NO_COMMON_BLOCKS = YES;
				GCC_WARN_64_TO_32_BIT_CONVERSION = YES;
				GCC_WARN_ABOUT_RETURN_TYPE = YES_ERROR;
				GCC_WARN_UNDECLARED_SELECTOR = YES;
				GCC_WARN_UNINITIALIZED_AUTOS = YES_AGGRESSIVE;
				GCC_WARN_UNUSED_FUNCTION = YES;
				GCC_WARN_UNUSED_VARIABLE = YES;
				IPHONEOS_DEPLOYMENT_TARGET = 10.3;
				MTL_ENABLE_DEBUG_INFO = NO;
				SDKROOT = iphoneos;
				SWIFT_OPTIMIZATION_LEVEL = "-Owholemodule";
				TARGETED_DEVICE_FAMILY = "1,2";
				VALIDATE_PRODUCT = YES;
			};
			name = Release;
		};
		856941E31F6F65620062B359 /* Debug */ = {
			isa = XCBuildConfiguration;
			buildSettings = {
				ASSETCATALOG_COMPILER_APPICON_NAME = AppIcon;
				INFOPLIST_FILE = TabbedApp/Info.plist;
				LD_RUNPATH_SEARCH_PATHS = "$(inherited) @executable_path/Frameworks";
				PRODUCT_BUNDLE_IDENTIFIER = edu.indiana.cs.a290jsisaacs.TabbedApp;
				PRODUCT_NAME = "$(TARGET_NAME)";
				SWIFT_VERSION = 3.0;
			};
			name = Debug;
		};
		856941E41F6F65620062B359 /* Release */ = {
			isa = XCBuildConfiguration;
			buildSettings = {
				ASSETCATALOG_COMPILER_APPICON_NAME = AppIcon;
				INFOPLIST_FILE = TabbedApp/Info.plist;
				LD_RUNPATH_SEARCH_PATHS = "$(inherited) @executable_path/Frameworks";
				PRODUCT_BUNDLE_IDENTIFIER = edu.indiana.cs.a290jsisaacs.TabbedApp;
				PRODUCT_NAME = "$(TARGET_NAME)";
				SWIFT_VERSION = 3.0;
			};
			name = Release;
		};
/* End XCBuildConfiguration section */

/* Begin XCConfigurationList section */
		856941C91F6F65620062B359 /* Build configuration list for PBXProject "TabbedApp" */ = {
			isa = XCConfigurationList;
			buildConfigurations = (
				856941E01F6F65620062B359 /* Debug */,
				856941E11F6F65620062B359 /* Release */,
			);
			defaultConfigurationIsVisible = 0;
			defaultConfigurationName = Release;
		};
		856941E21F6F65620062B359 /* Build configuration list for PBXNativeTarget "TabbedApp" */ = {
			isa = XCConfigurationList;
			buildConfigurations = (
				856941E31F6F65620062B359 /* Debug */,
				856941E41F6F65620062B359 /* Release */,
			);
			defaultConfigurationIsVisible = 0;
			defaultConfigurationName = Release;
		};
/* End XCConfigurationList section */
	};
	rootObject = 856941C61F6F65620062B359 /* Project object */;
}
