// !$*UTF8*$!
{
	archiveVersion = 1;
	classes = {
	};
	objectVersion = 46;
	objects = {

/* Begin PBXBuildFile section */
		851774011F60AE700000D603 /* AppDelegate.swift in Sources */ = {isa = PBXBuildFile; fileRef = 851774001F60AE700000D603 /* AppDelegate.swift */; };
		851774031F60AE700000D603 /* ViewController.swift in Sources */ = {isa = PBXBuildFile; fileRef = 851774021F60AE700000D603 /* ViewController.swift */; };
		851774061F60AE700000D603 /* Main.storyboard in Resources */ = {isa = PBXBuildFile; fileRef = 851774041F60AE700000D603 /* Main.storyboard */; };
		851774081F60AE700000D603 /* Assets.xcassets in Resources */ = {isa = PBXBuildFile; fileRef = 851774071F60AE700000D603 /* Assets.xcassets */; };
		8517740B1F60AE700000D603 /* LaunchScreen.storyboard in Resources */ = {isa = PBXBuildFile; fileRef = 851774091F60AE700000D603 /* LaunchScreen.storyboard */; };
		855B63DE1F674D090075E4B8 /* ConcentratedView.swift in Sources */ = {isa = PBXBuildFile; fileRef = 855B63DD1F674D090075E4B8 /* ConcentratedView.swift */; };
/* End PBXBuildFile section */

/* Begin PBXFileReference section */
		851773FD1F60AE700000D603 /* EventsAndTouches.app */ = {isa = PBXFileReference; explicitFileType = wrapper.application; includeInIndex = 0; path = EventsAndTouches.app; sourceTree = BUILT_PRODUCTS_DIR; };
		851774001F60AE700000D603 /* AppDelegate.swift */ = {isa = PBXFileReference; lastKnownFileType = sourcecode.swift; path = AppDelegate.swift; sourceTree = "<group>"; };
		851774021F60AE700000D603 /* ViewController.swift */ = {isa = PBXFileReference; lastKnownFileType = sourcecode.swift; path = ViewController.swift; sourceTree = "<group>"; };
		851774051F60AE700000D603 /* Base */ = {isa = PBXFileReference; lastKnownFileType = file.storyboard; name = Base; path = Base.lproj/Main.storyboard; sourceTree = "<group>"; };
		851774071F60AE700000D603 /* Assets.xcassets */ = {isa = PBXFileReference; lastKnownFileType = folder.assetcatalog; path = Assets.xcassets; sourceTree = "<group>"; };
		8517740A1F60AE700000D603 /* Base */ = {isa = PBXFileReference; lastKnownFileType = file.storyboard; name = Base; path = Base.lproj/LaunchScreen.storyboard; sourceTree = "<group>"; };
		8517740C1F60AE700000D603 /* Info.plist */ = {isa = PBXFileReference; lastKnownFileType = text.plist.xml; path = Info.plist; sourceTree = "<group>"; };
		855B63DD1F674D090075E4B8 /* ConcentratedView.swift */ = {isa = PBXFileReference; fileEncoding = 4; lastKnownFileType = sourcecode.swift; path = ConcentratedView.swift; sourceTree = "<group>"; };
/* End PBXFileReference section */

/* Begin PBXFrameworksBuildPhase section */
		851773FA1F60AE700000D603 /* Frameworks */ = {
			isa = PBXFrameworksBuildPhase;
			buildActionMask = 2147483647;
			files = (
			);
			runOnlyForDeploymentPostprocessing = 0;
		};
/* End PBXFrameworksBuildPhase section */

/* Begin PBXGroup section */
		851773F41F60AE700000D603 = {
			isa = PBXGroup;
			children = (
				851773FF1F60AE700000D603 /* EventsAndTouches */,
				851773FE1F60AE700000D603 /* Products */,
			);
			sourceTree = "<group>";
		};
		851773FE1F60AE700000D603 /* Products */ = {
			isa = PBXGroup;
			children = (
				851773FD1F60AE700000D603 /* EventsAndTouches.app */,
			);
			name = Products;
			sourceTree = "<group>";
		};
		851773FF1F60AE700000D603 /* EventsAndTouches */ = {
			isa = PBXGroup;
			children = (
				851774001F60AE700000D603 /* AppDelegate.swift */,
				851774021F60AE700000D603 /* ViewController.swift */,
				855B63DD1F674D090075E4B8 /* ConcentratedView.swift */,
				851774041F60AE700000D603 /* Main.storyboard */,
				851774071F60AE700000D603 /* Assets.xcassets */,
				851774091F60AE700000D603 /* LaunchScreen.storyboard */,
				8517740C1F60AE700000D603 /* Info.plist */,
			);
			path = EventsAndTouches;
			sourceTree = "<group>";
		};
/* End PBXGroup section */

/* Begin PBXNativeTarget section */
		851773FC1F60AE700000D603 /* EventsAndTouches */ = {
			isa = PBXNativeTarget;
			buildConfigurationList = 8517740F1F60AE700000D603 /* Build configuration list for PBXNativeTarget "EventsAndTouches" */;
			buildPhases = (
				851773F91F60AE700000D603 /* Sources */,
				851773FA1F60AE700000D603 /* Frameworks */,
				851773FB1F60AE700000D603 /* Resources */,
			);
			buildRules = (
			);
			dependencies = (
			);
			name = EventsAndTouches;
			productName = EventsAndTouches;
			productReference = 851773FD1F60AE700000D603 /* EventsAndTouches.app */;
			productType = "com.apple.product-type.application";
		};
/* End PBXNativeTarget section */

/* Begin PBXProject section */
		851773F51F60AE700000D603 /* Project object */ = {
			isa = PBXProject;
			attributes = {
				LastSwiftUpdateCheck = 0830;
				LastUpgradeCheck = 0830;
				ORGANIZATIONNAME = A290;
				TargetAttributes = {
					851773FC1F60AE700000D603 = {
						CreatedOnToolsVersion = 8.3.3;
						ProvisioningStyle = Automatic;
					};
				};
			};
			buildConfigurationList = 851773F81F60AE700000D603 /* Build configuration list for PBXProject "EventsAndTouches" */;
			compatibilityVersion = "Xcode 3.2";
			developmentRegion = English;
			hasScannedForEncodings = 0;
			knownRegions = (
				en,
				Base,
			);
			mainGroup = 851773F41F60AE700000D603;
			productRefGroup = 851773FE1F60AE700000D603 /* Products */;
			projectDirPath = "";
			projectRoot = "";
			targets = (
				851773FC1F60AE700000D603 /* EventsAndTouches */,
			);
		};
/* End PBXProject section */

/* Begin PBXResourcesBuildPhase section */
		851773FB1F60AE700000D603 /* Resources */ = {
			isa = PBXResourcesBuildPhase;
			buildActionMask = 2147483647;
			files = (
				8517740B1F60AE700000D603 /* LaunchScreen.storyboard in Resources */,
				851774081F60AE700000D603 /* Assets.xcassets in Resources */,
				851774061F60AE700000D603 /* Main.storyboard in Resources */,
			);
			runOnlyForDeploymentPostprocessing = 0;
		};
/* End PBXResourcesBuildPhase section */

/* Begin PBXSourcesBuildPhase section */
		851773F91F60AE700000D603 /* Sources */ = {
			isa = PBXSourcesBuildPhase;
			buildActionMask = 2147483647;
			files = (
				851774031F60AE700000D603 /* ViewController.swift in Sources */,
				851774011F60AE700000D603 /* AppDelegate.swift in Sources */,
				855B63DE1F674D090075E4B8 /* ConcentratedView.swift in Sources */,
			);
			runOnlyForDeploymentPostprocessing = 0;
		};
/* End PBXSourcesBuildPhase section */

/* Begin PBXVariantGroup section */
		851774041F60AE700000D603 /* Main.storyboard */ = {
			isa = PBXVariantGroup;
			children = (
				851774051F60AE700000D603 /* Base */,
			);
			name = Main.storyboard;
			sourceTree = "<group>";
		};
		851774091F60AE700000D603 /* LaunchScreen.storyboard */ = {
			isa = PBXVariantGroup;
			children = (
				8517740A1F60AE700000D603 /* Base */,
			);
			name = LaunchScreen.storyboard;
			sourceTree = "<group>";
		};
/* End PBXVariantGroup section */

/* Begin XCBuildConfiguration section */
		8517740D1F60AE700000D603 /* Debug */ = {
			isa = XCBuildConfiguration;
			buildSettings = {
				ALWAYS_SEARCH_USER_PATHS = NO;
				CLANG_ANALYZER_NONNULL = YES;
				CLANG_ANALYZER_NUMBER_OBJECT_CONVERSION = YES_AGGRESSIVE;
				CLANG_CXX_LANGUAGE_STANDARD = "gnu++0x";
				CLANG_CXX_LIBRARY = "libc++";
				CLANG_ENABLE_MODULES = YES;
				CLANG_ENABLE_OBJC_ARC = YES;
				CLANG_WARN_BOOL_CONVERSION = YES;
				CLANG_WARN_CONSTANT_CONVERSION = YES;
				CLANG_WARN_DIRECT_OBJC_ISA_USAGE = YES_ERROR;
				CLANG_WARN_DOCUMENTATION_COMMENTS = YES;
				CLANG_WARN_EMPTY_BODY = YES;
				CLANG_WARN_ENUM_CONVERSION = YES;
				CLANG_WARN_INFINITE_RECURSION = YES;
				CLANG_WARN_INT_CONVERSION = YES;
				CLANG_WARN_OBJC_ROOT_CLASS = YES_ERROR;
				CLANG_WARN_SUSPICIOUS_MOVE = YES;
				CLANG_WARN_UNREACHABLE_CODE = YES;
				CLANG_WARN__DUPLICATE_METHOD_MATCH = YES;
				"CODE_SIGN_IDENTITY[sdk=iphoneos*]" = "iPhone Developer";
				COPY_PHASE_STRIP = NO;
				DEBUG_INFORMATION_FORMAT = dwarf;
				ENABLE_STRICT_OBJC_MSGSEND = YES;
				ENABLE_TESTABILITY = YES;
				GCC_C_LANGUAGE_STANDARD = gnu99;
				GCC_DYNAMIC_NO_PIC = NO;
				GCC_NO_COMMON_BLOCKS = YES;
				GCC_OPTIMIZATION_LEVEL = 0;
				GCC_PREPROCESSOR_DEFINITIONS = (
					"DEBUG=1",
					"$(inherited)",
				);
				GCC_WARN_64_TO_32_BIT_CONVERSION = YES;
				GCC_WARN_ABOUT_RETURN_TYPE = YES_ERROR;
				GCC_WARN_UNDECLARED_SELECTOR = YES;
				GCC_WARN_UNINITIALIZED_AUTOS = YES_AGGRESSIVE;
				GCC_WARN_UNUSED_FUNCTION = YES;
				GCC_WARN_UNUSED_VARIABLE = YES;
				IPHONEOS_DEPLOYMENT_TARGET = 10.3;
				MTL_ENABLE_DEBUG_INFO = YES;
				ONLY_ACTIVE_ARCH = YES;
				SDKROOT = iphoneos;
				SWIFT_ACTIVE_COMPILATION_CONDITIONS = DEBUG;
				SWIFT_OPTIMIZATION_LEVEL = "-Onone";
			};
			name = Debug;
		};
		8517740E1F60AE700000D603 /* Release */ = {
			isa = XCBuildConfiguration;
			buildSettings = {
				ALWAYS_SEARCH_USER_PATHS = NO;
				CLANG_ANALYZER_NONNULL = YES;
				CLANG_ANALYZER_NUMBER_OBJECT_CONVERSION = YES_AGGRESSIVE;
				CLANG_CXX_LANGUAGE_STANDARD = "gnu++0x";
				CLANG_CXX_LIBRARY = "libc++";
				CLANG_ENABLE_MODULES = YES;
				CLANG_ENABLE_OBJC_ARC = YES;
				CLANG_WARN_BOOL_CONVERSION = YES;
				CLANG_WARN_CONSTANT_CONVERSION = YES;
				CLANG_WARN_DIRECT_OBJC_ISA_USAGE = YES_ERROR;
				CLANG_WARN_DOCUMENTATION_COMMENTS = YES;
				CLANG_WARN_EMPTY_BODY = YES;
				CLANG_WARN_ENUM_CONVERSION = YES;
				CLANG_WARN_INFINITE_RECURSION = YES;
				CLANG_WARN_INT_CONVERSION = YES;
				CLANG_WARN_OBJC_ROOT_CLASS = YES_ERROR;
				CLANG_WARN_SUSPICIOUS_MOVE = YES;
				CLANG_WARN_UNREACHABLE_CODE = YES;
				CLANG_WARN__DUPLICATE_METHOD_MATCH = YES;
				"CODE_SIGN_IDENTITY[sdk=iphoneos*]" = "iPhone Developer";
				COPY_PHASE_STRIP = NO;
				DEBUG_INFORMATION_FORMAT = "dwarf-with-dsym";
				ENABLE_NS_ASSERTIONS = NO;
				ENABLE_STRICT_OBJC_MSGSEND = YES;
				GCC_C_LANGUAGE_STANDARD = gnu99;
				GCC_NO_COMMON_BLOCKS = YES;
				GCC_WARN_64_TO_32_BIT_CONVERSION = YES;
				GCC_WARN_ABOUT_RETURN_TYPE = YES_ERROR;
				GCC_WARN_UNDECLARED_SELECTOR = YES;
				GCC_WARN_UNINITIALIZED_AUTOS = YES_AGGRESSIVE;
				GCC_WARN_UNUSED_FUNCTION = YES;
				GCC_WARN_UNUSED_VARIABLE = YES;
				IPHONEOS_DEPLOYMENT_TARGET = 10.3;
				MTL_ENABLE_DEBUG_INFO = NO;
				SDKROOT = iphoneos;
				SWIFT_OPTIMIZATION_LEVEL = "-Owholemodule";
				VALIDATE_PRODUCT = YES;
			};
			name = Release;
		};
		851774101F60AE700000D603 /* Debug */ = {
			isa = XCBuildConfiguration;
			buildSettings = {
				ASSETCATALOG_COMPILER_APPICON_NAME = AppIcon;
				INFOPLIST_FILE = EventsAndTouches/Info.plist;
				LD_RUNPATH_SEARCH_PATHS = "$(inherited) @executable_path/Frameworks";
				PRODUCT_BUNDLE_IDENTIFIER = edu.indiana.cs.a290jsisaacs.EventsAndTouches;
				PRODUCT_NAME = "$(TARGET_NAME)";
				SWIFT_VERSION = 3.0;
			};
			name = Debug;
		};
		851774111F60AE700000D603 /* Release */ = {
			isa = XCBuildConfiguration;
			buildSettings = {
				ASSETCATALOG_COMPILER_APPICON_NAME = AppIcon;
				INFOPLIST_FILE = EventsAndTouches/Info.plist;
				LD_RUNPATH_SEARCH_PATHS = "$(inherited) @executable_path/Frameworks";
				PRODUCT_BUNDLE_IDENTIFIER = edu.indiana.cs.a290jsisaacs.EventsAndTouches;
				PRODUCT_NAME = "$(TARGET_NAME)";
				SWIFT_VERSION = 3.0;
			};
			name = Release;
		};
/* End XCBuildConfiguration section */

/* Begin XCConfigurationList section */
		851773F81F60AE700000D603 /* Build configuration list for PBXProject "EventsAndTouches" */ = {
			isa = XCConfigurationList;
			buildConfigurations = (
				8517740D1F60AE700000D603 /* Debug */,
				8517740E1F60AE700000D603 /* Release */,
			);
			defaultConfigurationIsVisible = 0;
			defaultConfigurationName = Release;
		};
		8517740F1F60AE700000D603 /* Build configuration list for PBXNativeTarget "EventsAndTouches" */ = {
			isa = XCConfigurationList;
			buildConfigurations = (
				851774101F60AE700000D603 /* Debug */,
				851774111F60AE700000D603 /* Release */,
			);
			defaultConfigurationIsVisible = 0;
			defaultConfigurationName = Release;
		};
/* End XCConfigurationList section */
	};
	rootObject = 851773F51F60AE700000D603 /* Project object */;
}
